
Microsoft Visual Studio Solution File, Format Version 12.00
# Visual Studio 15
VisualStudioVersion = 15.0.26403.7
MinimumVisualStudioVersion = 10.0.40219.1
Project("{FAE04EC0-301F-11D3-BF4B-00C04F79EFBC}") = "DataAccess", "DataAccess\DataAccess.csproj", "{391BE6BA-EE0D-4E96-BC5B-7BBD52DC419E}"
EndProject
Project("{FAE04EC0-301F-11D3-BF4B-00C04F79EFBC}") = "FashionShop", "FashionShop\FashionShop.csproj", "{AFC8086A-74CF-4C44-9064-48314A77E270}"
EndProject
Project("{FAE04EC0-301F-11D3-BF4B-00C04F79EFBC}") = "Markup", "Markup\Markup.csproj", "{5E150B2C-B89F-4A87-A40E-22B94F7F08EF}"
EndProject
Project("{2150E333-8FDC-42A3-9474-1A3956D46DE8}") = "Solution Items", "Solution Items", "{683EFA4A-5364-46DF-9324-7095BF263B85}"
EndProject
Global
	GlobalSection(SolutionConfigurationPlatforms) = preSolution
		Debug|Any CPU = Debug|Any CPU
		Release|Any CPU = Release|Any CPU
	EndGlobalSection
	GlobalSection(ProjectConfigurationPlatforms) = postSolution
		{391BE6BA-EE0D-4E96-BC5B-7BBD52DC419E}.Debug|Any CPU.ActiveCfg = Debug|Any CPU
		{391BE6BA-EE0D-4E96-BC5B-7BBD52DC419E}.Debug|Any CPU.Build.0 = Debug|Any CPU
		{391BE6BA-EE0D-4E96-BC5B-7BBD52DC419E}.Release|Any CPU.ActiveCfg = Release|Any CPU
		{391BE6BA-EE0D-4E96-BC5B-7BBD52DC419E}.Release|Any CPU.Build.0 = Release|Any CPU
		{AFC8086A-74CF-4C44-9064-48314A77E270}.Debug|Any CPU.ActiveCfg = Debug|Any CPU
		{AFC8086A-74CF-4C44-9064-48314A77E270}.Debug|Any CPU.Build.0 = Debug|Any CPU
		{AFC8086A-74CF-4C44-9064-48314A77E270}.Release|Any CPU.ActiveCfg = Release|Any CPU
		{AFC8086A-74CF-4C44-9064-48314A77E270}.Release|Any CPU.Build.0 = Release|Any CPU
		{5E150B2C-B89F-4A87-A40E-22B94F7F08EF}.Debug|Any CPU.ActiveCfg = Debug|Any CPU
		{5E150B2C-B89F-4A87-A40E-22B94F7F08EF}.Debug|Any CPU.Build.0 = Debug|Any CPU
		{5E150B2C-B89F-4A87-A40E-22B94F7F08EF}.Release|Any CPU.ActiveCfg = Release|Any CPU
		{5E150B2C-B89F-4A87-A40E-22B94F7F08EF}.Release|Any CPU.Build.0 = Release|Any CPU
	EndGlobalSection
	GlobalSection(SolutionProperties) = preSolution
		HideSolutionNode = FALSE
	EndGlobalSection
EndGlobal
