
Microsoft Visual Studio Solution File, Format Version 12.00
# Visual Studio 15
VisualStudioVersion = 15.0.26403.7
MinimumVisualStudioVersion = 10.0.40219.1
Project("{FAE04EC0-301F-11D3-BF4B-00C04F79EFBC}") = "AbstractClass", "AbstractClass\AbstractClass.csproj", "{157DFB45-38E8-4F14-BFF2-C8049E025F29}"
EndProject
Project("{FAE04EC0-301F-11D3-BF4B-00C04F79EFBC}") = "AbstractClass2", "AbstractClass2\AbstractClass2.csproj", "{E15EBE6E-1841-4489-9181-2F287AA39825}"
EndProject
Global
	GlobalSection(SolutionConfigurationPlatforms) = preSolution
		Debug|Any CPU = Debug|Any CPU
		Release|Any CPU = Release|Any CPU
	EndGlobalSection
	GlobalSection(ProjectConfigurationPlatforms) = postSolution
		{157DFB45-38E8-4F14-BFF2-C8049E025F29}.Debug|Any CPU.ActiveCfg = Debug|Any CPU
		{157DFB45-38E8-4F14-BFF2-C8049E025F29}.Debug|Any CPU.Build.0 = Debug|Any CPU
		{157DFB45-38E8-4F14-BFF2-C8049E025F29}.Release|Any CPU.ActiveCfg = Release|Any CPU
		{157DFB45-38E8-4F14-BFF2-C8049E025F29}.Release|Any CPU.Build.0 = Release|Any CPU
		{E15EBE6E-1841-4489-9181-2F287AA39825}.Debug|Any CPU.ActiveCfg = Debug|Any CPU
		{E15EBE6E-1841-4489-9181-2F287AA39825}.Debug|Any CPU.Build.0 = Debug|Any CPU
		{E15EBE6E-1841-4489-9181-2F287AA39825}.Release|Any CPU.ActiveCfg = Release|Any CPU
		{E15EBE6E-1841-4489-9181-2F287AA39825}.Release|Any CPU.Build.0 = Release|Any CPU
	EndGlobalSection
	GlobalSection(SolutionProperties) = preSolution
		HideSolutionNode = FALSE
	EndGlobalSection
EndGlobal
